
Microsoft Visual Studio Solution File, Format Version 12.00
# Visual Studio Version 17
VisualStudioVersion = 17.0.31903.59
MinimumVisualStudioVersion = 10.0.40219.1
Project("{2150E333-8FDC-42A3-9474-1A3956D46DE8}") = "src", "src", "{827E0CD3-B72D-47B6-A68D-7590B98EB39B}"
EndProject
Project("{FAE04EC0-301F-11D3-BF4B-00C04F79EFBC}") = "VMS.Core", "src\VMS.Core\VMS.Core.csproj", "{120BABAA-C08E-4F42-9CDC-380D7585D3FB}"
EndProject
Project("{FAE04EC0-301F-11D3-BF4B-00C04F79EFBC}") = "VMS.Shared", "src\VMS.Shared\VMS.Shared.csproj", "{5371D128-8885-459A-B921-23A62A5A56A8}"
EndProject
Project("{FAE04EC0-301F-11D3-BF4B-00C04F79EFBC}") = "VMS.Application", "src\VMS.Application\VMS.Application.csproj", "{17042D15-E7D1-4B60-AA98-FE94E6B05D57}"
EndProject
Project("{FAE04EC0-301F-11D3-BF4B-00C04F79EFBC}") = "VMS.Infrastructure", "src\VMS.Infrastructure\VMS.Infrastructure.csproj", "{115E995E-F79F-4B3A-A624-00DF723944B6}"
EndProject
Project("{FAE04EC0-301F-11D3-BF4B-00C04F79EFBC}") = "VMS.API", "src\VMS.API\VMS.API.csproj", "{A222D0DF-A366-47EA-9372-7DD57CF6E6B2}"
EndProject
Global
	GlobalSection(SolutionConfigurationPlatforms) = preSolution
		Debug|Any CPU = Debug|Any CPU
		Debug|x64 = Debug|x64
		Debug|x86 = Debug|x86
		Release|Any CPU = Release|Any CPU
		Release|x64 = Release|x64
		Release|x86 = Release|x86
	EndGlobalSection
	GlobalSection(ProjectConfigurationPlatforms) = postSolution
		{120BABAA-C08E-4F42-9CDC-380D7585D3FB}.Debug|Any CPU.ActiveCfg = Debug|Any CPU
		{120BABAA-C08E-4F42-9CDC-380D7585D3FB}.Debug|Any CPU.Build.0 = Debug|Any CPU
		{120BABAA-C08E-4F42-9CDC-380D7585D3FB}.Debug|x64.ActiveCfg = Debug|Any CPU
		{120BABAA-C08E-4F42-9CDC-380D7585D3FB}.Debug|x64.Build.0 = Debug|Any CPU
		{120BABAA-C08E-4F42-9CDC-380D7585D3FB}.Debug|x86.ActiveCfg = Debug|Any CPU
		{120BABAA-C08E-4F42-9CDC-380D7585D3FB}.Debug|x86.Build.0 = Debug|Any CPU
		{120BABAA-C08E-4F42-9CDC-380D7585D3FB}.Release|Any CPU.ActiveCfg = Release|Any CPU
		{120BABAA-C08E-4F42-9CDC-380D7585D3FB}.Release|Any CPU.Build.0 = Release|Any CPU
		{120BABAA-C08E-4F42-9CDC-380D7585D3FB}.Release|x64.ActiveCfg = Release|Any CPU
		{120BABAA-C08E-4F42-9CDC-380D7585D3FB}.Release|x64.Build.0 = Release|Any CPU
		{120BABAA-C08E-4F42-9CDC-380D7585D3FB}.Release|x86.ActiveCfg = Release|Any CPU
		{120BABAA-C08E-4F42-9CDC-380D7585D3FB}.Release|x86.Build.0 = Release|Any CPU
		{5371D128-8885-459A-B921-23A62A5A56A8}.Debug|Any CPU.ActiveCfg = Debug|Any CPU
		{5371D128-8885-459A-B921-23A62A5A56A8}.Debug|Any CPU.Build.0 = Debug|Any CPU
		{5371D128-8885-459A-B921-23A62A5A56A8}.Debug|x64.ActiveCfg = Debug|Any CPU
		{5371D128-8885-459A-B921-23A62A5A56A8}.Debug|x64.Build.0 = Debug|Any CPU
		{5371D128-8885-459A-B921-23A62A5A56A8}.Debug|x86.ActiveCfg = Debug|Any CPU
		{5371D128-8885-459A-B921-23A62A5A56A8}.Debug|x86.Build.0 = Debug|Any CPU
		{5371D128-8885-459A-B921-23A62A5A56A8}.Release|Any CPU.ActiveCfg = Release|Any CPU
		{5371D128-8885-459A-B921-23A62A5A56A8}.Release|Any CPU.Build.0 = Release|Any CPU
		{5371D128-8885-459A-B921-23A62A5A56A8}.Release|x64.ActiveCfg = Release|Any CPU
		{5371D128-8885-459A-B921-23A62A5A56A8}.Release|x64.Build.0 = Release|Any CPU
		{5371D128-8885-459A-B921-23A62A5A56A8}.Release|x86.ActiveCfg = Release|Any CPU
		{5371D128-8885-459A-B921-23A62A5A56A8}.Release|x86.Build.0 = Release|Any CPU
		{17042D15-E7D1-4B60-AA98-FE94E6B05D57}.Debug|Any CPU.ActiveCfg = Debug|Any CPU
		{17042D15-E7D1-4B60-AA98-FE94E6B05D57}.Debug|Any CPU.Build.0 = Debug|Any CPU
		{17042D15-E7D1-4B60-AA98-FE94E6B05D57}.Debug|x64.ActiveCfg = Debug|Any CPU
		{17042D15-E7D1-4B60-AA98-FE94E6B05D57}.Debug|x64.Build.0 = Debug|Any CPU
		{17042D15-E7D1-4B60-AA98-FE94E6B05D57}.Debug|x86.ActiveCfg = Debug|Any CPU
		{17042D15-E7D1-4B60-AA98-FE94E6B05D57}.Debug|x86.Build.0 = Debug|Any CPU
		{17042D15-E7D1-4B60-AA98-FE94E6B05D57}.Release|Any CPU.ActiveCfg = Release|Any CPU
		{17042D15-E7D1-4B60-AA98-FE94E6B05D57}.Release|Any CPU.Build.0 = Release|Any CPU
		{17042D15-E7D1-4B60-AA98-FE94E6B05D57}.Release|x64.ActiveCfg = Release|Any CPU
		{17042D15-E7D1-4B60-AA98-FE94E6B05D57}.Release|x64.Build.0 = Release|Any CPU
		{17042D15-E7D1-4B60-AA98-FE94E6B05D57}.Release|x86.ActiveCfg = Release|Any CPU
		{17042D15-E7D1-4B60-AA98-FE94E6B05D57}.Release|x86.Build.0 = Release|Any CPU
		{115E995E-F79F-4B3A-A624-00DF723944B6}.Debug|Any CPU.ActiveCfg = Debug|Any CPU
		{115E995E-F79F-4B3A-A624-00DF723944B6}.Debug|Any CPU.Build.0 = Debug|Any CPU
		{115E995E-F79F-4B3A-A624-00DF723944B6}.Debug|x64.ActiveCfg = Debug|Any CPU
		{115E995E-F79F-4B3A-A624-00DF723944B6}.Debug|x64.Build.0 = Debug|Any CPU
		{115E995E-F79F-4B3A-A624-00DF723944B6}.Debug|x86.ActiveCfg = Debug|Any CPU
		{115E995E-F79F-4B3A-A624-00DF723944B6}.Debug|x86.Build.0 = Debug|Any CPU
		{115E995E-F79F-4B3A-A624-00DF723944B6}.Release|Any CPU.ActiveCfg = Release|Any CPU
		{115E995E-F79F-4B3A-A624-00DF723944B6}.Release|Any CPU.Build.0 = Release|Any CPU
		{115E995E-F79F-4B3A-A624-00DF723944B6}.Release|x64.ActiveCfg = Release|Any CPU
		{115E995E-F79F-4B3A-A624-00DF723944B6}.Release|x64.Build.0 = Release|Any CPU
		{115E995E-F79F-4B3A-A624-00DF723944B6}.Release|x86.ActiveCfg = Release|Any CPU
		{115E995E-F79F-4B3A-A624-00DF723944B6}.Release|x86.Build.0 = Release|Any CPU
		{A222D0DF-A366-47EA-9372-7DD57CF6E6B2}.Debug|Any CPU.ActiveCfg = Debug|Any CPU
		{A222D0DF-A366-47EA-9372-7DD57CF6E6B2}.Debug|Any CPU.Build.0 = Debug|Any CPU
		{A222D0DF-A366-47EA-9372-7DD57CF6E6B2}.Debug|x64.ActiveCfg = Debug|Any CPU
		{A222D0DF-A366-47EA-9372-7DD57CF6E6B2}.Debug|x64.Build.0 = Debug|Any CPU
		{A222D0DF-A366-47EA-9372-7DD57CF6E6B2}.Debug|x86.ActiveCfg = Debug|Any CPU
		{A222D0DF-A366-47EA-9372-7DD57CF6E6B2}.Debug|x86.Build.0 = Debug|Any CPU
		{A222D0DF-A366-47EA-9372-7DD57CF6E6B2}.Release|Any CPU.ActiveCfg = Release|Any CPU
		{A222D0DF-A366-47EA-9372-7DD57CF6E6B2}.Release|Any CPU.Build.0 = Release|Any CPU
		{A222D0DF-A366-47EA-9372-7DD57CF6E6B2}.Release|x64.ActiveCfg = Release|Any CPU
		{A222D0DF-A366-47EA-9372-7DD57CF6E6B2}.Release|x64.Build.0 = Release|Any CPU
		{A222D0DF-A366-47EA-9372-7DD57CF6E6B2}.Release|x86.ActiveCfg = Release|Any CPU
		{A222D0DF-A366-47EA-9372-7DD57CF6E6B2}.Release|x86.Build.0 = Release|Any CPU
	EndGlobalSection
	GlobalSection(SolutionProperties) = preSolution
		HideSolutionNode = FALSE
	EndGlobalSection
	GlobalSection(NestedProjects) = preSolution
		{120BABAA-C08E-4F42-9CDC-380D7585D3FB} = {827E0CD3-B72D-47B6-A68D-7590B98EB39B}
		{5371D128-8885-459A-B921-23A62A5A56A8} = {827E0CD3-B72D-47B6-A68D-7590B98EB39B}
		{17042D15-E7D1-4B60-AA98-FE94E6B05D57} = {827E0CD3-B72D-47B6-A68D-7590B98EB39B}
		{115E995E-F79F-4B3A-A624-00DF723944B6} = {827E0CD3-B72D-47B6-A68D-7590B98EB39B}
		{A222D0DF-A366-47EA-9372-7DD57CF6E6B2} = {827E0CD3-B72D-47B6-A68D-7590B98EB39B}
	EndGlobalSection
EndGlobal
